
Microsoft Visual Studio Solution File, Format Version 12.00
# Visual Studio Version 17
VisualStudioVersion = 17.0.32014.148
MinimumVisualStudioVersion = 10.0.40219.1
Project("{FAE04EC0-301F-11D3-BF4B-00C04F79EFBC}") = "Trabalho_API_Mercado_Online", "Trabalho_API_Mercado_Online\Trabalho_API_Mercado_Online.csproj", "{545AC73C-4952-4E57-AB82-BE630D49CFD4}"
EndProject
Global
	GlobalSection(SolutionConfigurationPlatforms) = preSolution
		Debug|Any CPU = Debug|Any CPU
		Release|Any CPU = Release|Any CPU
	EndGlobalSection
	GlobalSection(ProjectConfigurationPlatforms) = postSolution
		{545AC73C-4952-4E57-AB82-BE630D49CFD4}.Debug|Any CPU.ActiveCfg = Debug|Any CPU
		{545AC73C-4952-4E57-AB82-BE630D49CFD4}.Debug|Any CPU.Build.0 = Debug|Any CPU
		{545AC73C-4952-4E57-AB82-BE630D49CFD4}.Release|Any CPU.ActiveCfg = Release|Any CPU
		{545AC73C-4952-4E57-AB82-BE630D49CFD4}.Release|Any CPU.Build.0 = Release|Any CPU
	EndGlobalSection
	GlobalSection(SolutionProperties) = preSolution
		HideSolutionNode = FALSE
	EndGlobalSection
	GlobalSection(ExtensibilityGlobals) = postSolution
		SolutionGuid = {EA3C6152-2F7B-49A1-B973-B3FEF7A411E1}
	EndGlobalSection
EndGlobal
